
Microsoft Visual Studio Solution File, Format Version 11.00
# Visual Studio 2010
Project("{8BC9CEB8-8B4A-11D0-8D11-00A0C91BC942}") = "SEIS750_VS_Projects", "SEIS750_VS_Projects\SEIS750_VS_Projects.vcxproj", "{3290E3D5-9E79-44EC-9D68-1F823B2AD3EA}"
EndProject
Project("{8BC9CEB8-8B4A-11D0-8D11-00A0C91BC942}") = "Week3Demo", "Week3Demo\Week3Demo.vcxproj", "{502CAC51-080F-48FA-AD5D-1967E34B26BB}"
EndProject
Project("{8BC9CEB8-8B4A-11D0-8D11-00A0C91BC942}") = "Assignment1", "Assignment1\Assignment1.vcxproj", "{76DC83ED-DF98-4466-9831-21B45587D36D}"
EndProject
Project("{8BC9CEB8-8B4A-11D0-8D11-00A0C91BC942}") = "Assignment0", "Assignment0\Assignment0.vcxproj", "{F5CBEB89-A139-4FBC-B308-4C87B67417D9}"
EndProject
Project("{8BC9CEB8-8B4A-11D0-8D11-00A0C91BC942}") = "Week4Demo", "Week4Demo\Week4Demo.vcxproj", "{B312EA32-A9E2-452F-9C9A-355B300D81C6}"
EndProject
Project("{8BC9CEB8-8B4A-11D0-8D11-00A0C91BC942}") = "Early Week Demo", "Early Week Demo\Early Week Demo.vcxproj", "{62FAAA29-951C-4AFD-A878-174B3A9CEB5D}"
EndProject
Project("{8BC9CEB8-8B4A-11D0-8D11-00A0C91BC942}") = "Week6Demo", "Week6Demo\Week6Demo.vcxproj", "{41282A7A-9404-4050-816E-A5B84F09E882}"
EndProject
Project("{8BC9CEB8-8B4A-11D0-8D11-00A0C91BC942}") = "Assignment3", "Assignment3\Assignment3.vcxproj", "{EF03CE5F-21F7-4F07-913D-C84500615C84}"
EndProject
Project("{8BC9CEB8-8B4A-11D0-8D11-00A0C91BC942}") = "Assignment2", "Assignment2\Assignment2.vcxproj", "{B9CA497A-6C7E-48E1-9F18-18AAEEC2B359}"
EndProject
Global
	GlobalSection(SolutionConfigurationPlatforms) = preSolution
		Debug|Win32 = Debug|Win32
		Release|Win32 = Release|Win32
	EndGlobalSection
	GlobalSection(ProjectConfigurationPlatforms) = postSolution
		{3290E3D5-9E79-44EC-9D68-1F823B2AD3EA}.Debug|Win32.ActiveCfg = Debug|Win32
		{3290E3D5-9E79-44EC-9D68-1F823B2AD3EA}.Debug|Win32.Build.0 = Debug|Win32
		{3290E3D5-9E79-44EC-9D68-1F823B2AD3EA}.Release|Win32.ActiveCfg = Release|Win32
		{3290E3D5-9E79-44EC-9D68-1F823B2AD3EA}.Release|Win32.Build.0 = Release|Win32
		{502CAC51-080F-48FA-AD5D-1967E34B26BB}.Debug|Win32.ActiveCfg = Debug|Win32
		{502CAC51-080F-48FA-AD5D-1967E34B26BB}.Debug|Win32.Build.0 = Debug|Win32
		{502CAC51-080F-48FA-AD5D-1967E34B26BB}.Release|Win32.ActiveCfg = Release|Win32
		{502CAC51-080F-48FA-AD5D-1967E34B26BB}.Release|Win32.Build.0 = Release|Win32
		{76DC83ED-DF98-4466-9831-21B45587D36D}.Debug|Win32.ActiveCfg = Debug|Win32
		{76DC83ED-DF98-4466-9831-21B45587D36D}.Debug|Win32.Build.0 = Debug|Win32
		{76DC83ED-DF98-4466-9831-21B45587D36D}.Release|Win32.ActiveCfg = Release|Win32
		{76DC83ED-DF98-4466-9831-21B45587D36D}.Release|Win32.Build.0 = Release|Win32
		{F5CBEB89-A139-4FBC-B308-4C87B67417D9}.Debug|Win32.ActiveCfg = Debug|Win32
		{F5CBEB89-A139-4FBC-B308-4C87B67417D9}.Debug|Win32.Build.0 = Debug|Win32
		{F5CBEB89-A139-4FBC-B308-4C87B67417D9}.Release|Win32.ActiveCfg = Release|Win32
		{F5CBEB89-A139-4FBC-B308-4C87B67417D9}.Release|Win32.Build.0 = Release|Win32
		{B312EA32-A9E2-452F-9C9A-355B300D81C6}.Debug|Win32.ActiveCfg = Debug|Win32
		{B312EA32-A9E2-452F-9C9A-355B300D81C6}.Debug|Win32.Build.0 = Debug|Win32
		{B312EA32-A9E2-452F-9C9A-355B300D81C6}.Release|Win32.ActiveCfg = Release|Win32
		{B312EA32-A9E2-452F-9C9A-355B300D81C6}.Release|Win32.Build.0 = Release|Win32
		{62FAAA29-951C-4AFD-A878-174B3A9CEB5D}.Debug|Win32.ActiveCfg = Debug|Win32
		{62FAAA29-951C-4AFD-A878-174B3A9CEB5D}.Debug|Win32.Build.0 = Debug|Win32
		{62FAAA29-951C-4AFD-A878-174B3A9CEB5D}.Release|Win32.ActiveCfg = Release|Win32
		{62FAAA29-951C-4AFD-A878-174B3A9CEB5D}.Release|Win32.Build.0 = Release|Win32
		{41282A7A-9404-4050-816E-A5B84F09E882}.Debug|Win32.ActiveCfg = Debug|Win32
		{41282A7A-9404-4050-816E-A5B84F09E882}.Debug|Win32.Build.0 = Debug|Win32
		{41282A7A-9404-4050-816E-A5B84F09E882}.Release|Win32.ActiveCfg = Release|Win32
		{41282A7A-9404-4050-816E-A5B84F09E882}.Release|Win32.Build.0 = Release|Win32
		{EF03CE5F-21F7-4F07-913D-C84500615C84}.Debug|Win32.ActiveCfg = Debug|Win32
		{EF03CE5F-21F7-4F07-913D-C84500615C84}.Debug|Win32.Build.0 = Debug|Win32
		{EF03CE5F-21F7-4F07-913D-C84500615C84}.Release|Win32.ActiveCfg = Release|Win32
		{EF03CE5F-21F7-4F07-913D-C84500615C84}.Release|Win32.Build.0 = Release|Win32
		{B9CA497A-6C7E-48E1-9F18-18AAEEC2B359}.Debug|Win32.ActiveCfg = Debug|Win32
		{B9CA497A-6C7E-48E1-9F18-18AAEEC2B359}.Debug|Win32.Build.0 = Debug|Win32
		{B9CA497A-6C7E-48E1-9F18-18AAEEC2B359}.Release|Win32.ActiveCfg = Release|Win32
		{B9CA497A-6C7E-48E1-9F18-18AAEEC2B359}.Release|Win32.Build.0 = Release|Win32
	EndGlobalSection
	GlobalSection(SolutionProperties) = preSolution
		HideSolutionNode = FALSE
	EndGlobalSection
EndGlobal
