
Microsoft Visual Studio Solution File, Format Version 11.00
# Visual Studio 2010
Project("{8BC9CEB8-8B4A-11D0-8D11-00A0C91BC942}") = "SEIS750_VS_Projects", "SEIS750_VS_Projects\SEIS750_VS_Projects.vcxproj", "{3290E3D5-9E79-44EC-9D68-1F823B2AD3EA}"
EndProject
Project("{8BC9CEB8-8B4A-11D0-8D11-00A0C91BC942}") = "Week3Demo", "Week3Demo\Week3Demo.vcxproj", "{502CAC51-080F-48FA-AD5D-1967E34B26BB}"
EndProject
Project("{8BC9CEB8-8B4A-11D0-8D11-00A0C91BC942}") = "Assignment1", "Assignment1\Assignment1.vcxproj", "{76DC83ED-DF98-4466-9831-21B45587D36D}"
EndProject
Project("{8BC9CEB8-8B4A-11D0-8D11-00A0C91BC942}") = "Assignment0", "Assignment0\Assignment0.vcxproj", "{F5CBEB89-A139-4FBC-B308-4C87B67417D9}"
EndProject
Global
	GlobalSection(SolutionConfigurationPlatforms) = preSolution
		Debug|Win32 = Debug|Win32
		Release|Win32 = Release|Win32
	EndGlobalSection
	GlobalSection(ProjectConfigurationPlatforms) = postSolution
		{3290E3D5-9E79-44EC-9D68-1F823B2AD3EA}.Debug|Win32.ActiveCfg = Debug|Win32
		{3290E3D5-9E79-44EC-9D68-1F823B2AD3EA}.Debug|Win32.Build.0 = Debug|Win32
		{3290E3D5-9E79-44EC-9D68-1F823B2AD3EA}.Release|Win32.ActiveCfg = Release|Win32
		{3290E3D5-9E79-44EC-9D68-1F823B2AD3EA}.Release|Win32.Build.0 = Release|Win32
		{502CAC51-080F-48FA-AD5D-1967E34B26BB}.Debug|Win32.ActiveCfg = Debug|Win32
		{502CAC51-080F-48FA-AD5D-1967E34B26BB}.Debug|Win32.Build.0 = Debug|Win32
		{502CAC51-080F-48FA-AD5D-1967E34B26BB}.Release|Win32.ActiveCfg = Release|Win32
		{502CAC51-080F-48FA-AD5D-1967E34B26BB}.Release|Win32.Build.0 = Release|Win32
		{76DC83ED-DF98-4466-9831-21B45587D36D}.Debug|Win32.ActiveCfg = Debug|Win32
		{76DC83ED-DF98-4466-9831-21B45587D36D}.Debug|Win32.Build.0 = Debug|Win32
		{76DC83ED-DF98-4466-9831-21B45587D36D}.Release|Win32.ActiveCfg = Release|Win32
		{76DC83ED-DF98-4466-9831-21B45587D36D}.Release|Win32.Build.0 = Release|Win32
		{F5CBEB89-A139-4FBC-B308-4C87B67417D9}.Debug|Win32.ActiveCfg = Debug|Win32
		{F5CBEB89-A139-4FBC-B308-4C87B67417D9}.Debug|Win32.Build.0 = Debug|Win32
		{F5CBEB89-A139-4FBC-B308-4C87B67417D9}.Release|Win32.ActiveCfg = Release|Win32
		{F5CBEB89-A139-4FBC-B308-4C87B67417D9}.Release|Win32.Build.0 = Release|Win32
	EndGlobalSection
	GlobalSection(SolutionProperties) = preSolution
		HideSolutionNode = FALSE
	EndGlobalSection
EndGlobal
